{
  "version": 4,
  "terraform_version": "1.12.2",
  "serial": 94,
  "lineage": "7f758c70-e1a3-c4fe-7ba0-6154b0034749",
  "outputs": {
    "ip_publico": {
      "value": "18.230.85.85",
      "type": "string"
    }
  },
  "resources": [
    {
      "module": "module.ec2_instance",
      "mode": "managed",
      "type": "aws_instance",
      "name": "app",
      "provider": "provider[\"registry.terraform.io/hashicorp/aws\"]",
      "instances": [
        {
          "schema_version": 2,
          "attributes": {
            "ami": "ami-0a174b8e659123575",
            "arn": "arn:aws:ec2:sa-east-1:036338176736:instance/i-069ea94a35730b070",
            "associate_public_ip_address": true,
            "availability_zone": "sa-east-1a",
            "capacity_reservation_specification": [
              {
                "capacity_reservation_preference": "open",
                "capacity_reservation_target": []
              }
            ],
            "cpu_options": [
              {
                "amd_sev_snp": "",
                "core_count": 1,
                "threads_per_core": 1
              }
            ],
            "credit_specification": [
              {
                "cpu_credits": "standard"
              }
            ],
            "disable_api_stop": false,
            "disable_api_termination": false,
            "ebs_block_device": [],
            "ebs_optimized": false,
            "enable_primary_ipv6": null,
            "enclave_options": [
              {
                "enabled": false
              }
            ],
            "ephemeral_block_device": [],
            "get_password_data": false,
            "hibernation": false,
            "host_id": "",
            "host_resource_group_arn": null,
            "iam_instance_profile": "",
            "id": "i-069ea94a35730b070",
            "instance_initiated_shutdown_behavior": "stop",
            "instance_lifecycle": "",
            "instance_market_options": [],
            "instance_state": "running",
            "instance_type": "t2.micro",
            "ipv6_address_count": 0,
            "ipv6_addresses": [],
            "key_name": "nuvemkey",
            "launch_template": [],
            "maintenance_options": [
              {
                "auto_recovery": "default"
              }
            ],
            "metadata_options": [
              {
                "http_endpoint": "enabled",
                "http_protocol_ipv6": "disabled",
                "http_put_response_hop_limit": 2,
                "http_tokens": "required",
                "instance_metadata_tags": "disabled"
              }
            ],
            "monitoring": false,
            "network_interface": [],
            "outpost_arn": "",
            "password_data": "",
            "placement_group": "",
            "placement_partition_number": 0,
            "primary_network_interface_id": "eni-056cad624ce6d6374",
            "private_dns": "ip-172-31-2-54.sa-east-1.compute.internal",
            "private_dns_name_options": [
              {
                "enable_resource_name_dns_a_record": false,
                "enable_resource_name_dns_aaaa_record": false,
                "hostname_type": "ip-name"
              }
            ],
            "private_ip": "172.31.2.54",
            "public_dns": "ec2-18-230-85-85.sa-east-1.compute.amazonaws.com",
            "public_ip": "18.230.85.85",
            "region": "sa-east-1",
            "root_block_device": [
              {
                "delete_on_termination": true,
                "device_name": "/dev/sda1",
                "encrypted": false,
                "iops": 3000,
                "kms_key_id": "",
                "tags": {},
                "tags_all": {},
                "throughput": 125,
                "volume_id": "vol-03524413e74371943",
                "volume_size": 8,
                "volume_type": "gp3"
              }
            ],
            "secondary_private_ips": [],
            "security_groups": [
              "libera-http-ssh"
            ],
            "source_dest_check": true,
            "spot_instance_request_id": "",
            "subnet_id": "subnet-089b45f4b5aefe9c8",
            "tags": {
              "Name": "Hello"
            },
            "tags_all": {
              "Name": "Hello"
            },
            "tenancy": "default",
            "timeouts": null,
            "user_data": "#!/bin/bash\n\n# Redireciona toda a saída para um arquivo de log para depuração\nexec \u003e /home/ubuntu/user-data.log 2\u003e\u00261\necho \"Iniciando script user-data...\"\n\n# Atualiza os pacotes e instala Docker e Docker Compose\necho \"Atualizando pacotes e instalando Docker...\"\nsudo apt update\nsudo apt install -y docker.io\nsudo systemctl enable --now docker\nsudo usermod -aG docker ubuntu\necho \"Docker instalado e habilitado. Usuário 'ubuntu' adicionado ao grupo 'docker'.\"\n\necho \"Instalando Docker Compose...\"\nsudo apt install docker-compose -y\necho \"Docker Compose instalado.\"\n\n# Muda para o diretório onde os arquivos Dockerfile e docker-compose.yml serão criados\necho \"Mudando para o diretório /home/ubuntu...\"\ncd /home/ubuntu || { echo \"Falha ao mudar para /home/ubuntu. Saindo.\"; exit 1; }\necho \"Diretório atual: $(pwd)\"\n\n# Cria o Dockerfile\necho \"Criando Dockerfile...\"\ncat \u003e Dockerfile \u003c\u003cEOF\nFROM n8nio/n8n:latest\n\n# Trocar para root temporariamente para instalar\nUSER root\n\n# Instalar dependências e awscli em venv\nRUN apk add --no-cache \\\\\n      curl \\\\\n      unzip \\\\\n      python3 \\\\\n      py3-pip \u0026\u0026 \\\\\n    python3 -m venv /home/node/awscli-venv \u0026\u0026 \\\\\n    /home/node/awscli-venv/bin/pip install --no-cache-dir awscli \u0026\u0026 \\\\\n    chown -R node:node /home/node/awscli-venv\n\n# Volta para o usuário padrão \"node\"\nUSER node\n\n# Atalho opcional: tornar aws acessível sempre ao entrar no container\nENV PATH=\"/home/node/awscli-venv/bin:\\$PATH\"\nEOF\necho \"Dockerfile criado.\"\n\n# Cria o docker-compose.yml\necho \"Criando docker-compose.yml...\"\ncat \u003e docker-compose.yml \u003c\u003cEOF\nversion: \"3.8\"\n\nservices:\n  n8n:\n    build: .\n    container_name: n8n\n    ports:\n      - \"5678:5678\"\n    environment:\n      - N8N_SECURE_COOKIE=false\n    volumes:\n      - n8n_data:/home/node/.n8n\n    restart: unless-stopped\n\nvolumes:\n  n8n_data:\nEOF\necho \"docker-compose.yml criado.\"\n\n# Constrói a imagem e inicia o contêiner n8n\necho \"Construindo imagem Docker e iniciando o serviço n8n...\"\n# Use sudo para garantir que o docker-compose tenha as permissões necessárias\nsudo docker-compose up -d\nif [ $? -eq 0 ]; then\n    echo \"n8n iniciado com sucesso!\"\nelse\n    echo \"ERRO: Falha ao iniciar n8n com docker-compose.\"\nfi\n\necho \"Script user-data concluído.\"",
            "user_data_base64": null,
            "user_data_replace_on_change": false,
            "volume_tags": null,
            "vpc_security_group_ids": [
              "sg-001df6b240edf595c"
            ]
          },
          "sensitive_attributes": [],
          "identity_schema_version": 0,
          "private": "eyJlMmJmYjczMC1lY2FhLTExZTYtOGY4OC0zNDM2M2JjN2M0YzAiOnsiY3JlYXRlIjo2MDAwMDAwMDAwMDAsImRlbGV0ZSI6MTIwMDAwMDAwMDAwMCwicmVhZCI6OTAwMDAwMDAwMDAwLCJ1cGRhdGUiOjYwMDAwMDAwMDAwMH0sInNjaGVtYV92ZXJzaW9uIjoiMiJ9",
          "dependencies": [
            "module.security_group.aws_security_group.libera_http_ssh_mysql",
            "module.vpc.data.aws_vpc.default"
          ]
        }
      ]
    },
    {
      "module": "module.security_group",
      "mode": "managed",
      "type": "aws_security_group",
      "name": "libera_http_ssh_mysql",
      "provider": "provider[\"registry.terraform.io/hashicorp/aws\"]",
      "instances": [
        {
          "schema_version": 1,
          "attributes": {
            "arn": "arn:aws:ec2:sa-east-1:036338176736:security-group/sg-001df6b240edf595c",
            "description": "Allow access to ports 80, 22, 8080 e 3306",
            "egress": [
              {
                "cidr_blocks": [
                  "0.0.0.0/0"
                ],
                "description": "",
                "from_port": 0,
                "ipv6_cidr_blocks": [],
                "prefix_list_ids": [],
                "protocol": "-1",
                "security_groups": [],
                "self": false,
                "to_port": 0
              }
            ],
            "id": "sg-001df6b240edf595c",
            "ingress": [
              {
                "cidr_blocks": [
                  "0.0.0.0/0"
                ],
                "description": "HTTP",
                "from_port": 80,
                "ipv6_cidr_blocks": [],
                "prefix_list_ids": [],
                "protocol": "tcp",
                "security_groups": [],
                "self": false,
                "to_port": 80
              },
              {
                "cidr_blocks": [
                  "0.0.0.0/0"
                ],
                "description": "SSH custom",
                "from_port": 5000,
                "ipv6_cidr_blocks": [],
                "prefix_list_ids": [],
                "protocol": "tcp",
                "security_groups": [],
                "self": false,
                "to_port": 5000
              },
              {
                "cidr_blocks": [
                  "0.0.0.0/0"
                ],
                "description": "SSH",
                "from_port": 22,
                "ipv6_cidr_blocks": [],
                "prefix_list_ids": [],
                "protocol": "tcp",
                "security_groups": [],
                "self": false,
                "to_port": 22
              },
              {
                "cidr_blocks": [
                  "0.0.0.0/0"
                ],
                "description": "WEB via porta 8080",
                "from_port": 8080,
                "ipv6_cidr_blocks": [],
                "prefix_list_ids": [],
                "protocol": "tcp",
                "security_groups": [],
                "self": false,
                "to_port": 8080
              },
              {
                "cidr_blocks": [
                  "0.0.0.0/0"
                ],
                "description": "https",
                "from_port": 443,
                "ipv6_cidr_blocks": [],
                "prefix_list_ids": [],
                "protocol": "tcp",
                "security_groups": [],
                "self": false,
                "to_port": 443
              },
              {
                "cidr_blocks": [
                  "0.0.0.0/0"
                ],
                "description": "mysql",
                "from_port": 3306,
                "ipv6_cidr_blocks": [],
                "prefix_list_ids": [],
                "protocol": "tcp",
                "security_groups": [],
                "self": false,
                "to_port": 3306
              },
              {
                "cidr_blocks": [
                  "0.0.0.0/0"
                ],
                "description": "n8n",
                "from_port": 5678,
                "ipv6_cidr_blocks": [],
                "prefix_list_ids": [],
                "protocol": "tcp",
                "security_groups": [],
                "self": false,
                "to_port": 5678
              }
            ],
            "name": "libera-http-ssh",
            "name_prefix": "",
            "owner_id": "036338176736",
            "region": "sa-east-1",
            "revoke_rules_on_delete": false,
            "tags": null,
            "tags_all": {},
            "timeouts": null,
            "vpc_id": "vpc-04684ab3fd2e8d8a9"
          },
          "sensitive_attributes": [],
          "identity_schema_version": 0,
          "private": "eyJlMmJmYjczMC1lY2FhLTExZTYtOGY4OC0zNDM2M2JjN2M0YzAiOnsiY3JlYXRlIjo2MDAwMDAwMDAwMDAsImRlbGV0ZSI6OTAwMDAwMDAwMDAwfSwic2NoZW1hX3ZlcnNpb24iOiIxIn0=",
          "dependencies": [
            "module.vpc.data.aws_vpc.default"
          ]
        }
      ]
    },
    {
      "module": "module.vpc",
      "mode": "data",
      "type": "aws_vpc",
      "name": "default",
      "provider": "provider[\"registry.terraform.io/hashicorp/aws\"]",
      "instances": [
        {
          "schema_version": 0,
          "attributes": {
            "arn": "arn:aws:ec2:sa-east-1:036338176736:vpc/vpc-04684ab3fd2e8d8a9",
            "cidr_block": "172.31.0.0/16",
            "cidr_block_associations": [
              {
                "association_id": "vpc-cidr-assoc-0dc66bad6049e0a20",
                "cidr_block": "172.31.0.0/16",
                "state": "associated"
              }
            ],
            "default": true,
            "dhcp_options_id": "dopt-0b1b8a89dfdcf6aec",
            "enable_dns_hostnames": true,
            "enable_dns_support": true,
            "enable_network_address_usage_metrics": false,
            "filter": null,
            "id": "vpc-04684ab3fd2e8d8a9",
            "instance_tenancy": "default",
            "ipv6_association_id": "",
            "ipv6_cidr_block": "",
            "main_route_table_id": "rtb-0fb261be4b51e3bba",
            "owner_id": "036338176736",
            "region": "sa-east-1",
            "state": null,
            "tags": {},
            "timeouts": null
          },
          "sensitive_attributes": [],
          "identity_schema_version": 0
        }
      ]
    }
  ],
  "check_results": null
}
